
Microsoft Visual Studio Solution File, Format Version 12.00
# Visual Studio Version 16
VisualStudioVersion = 16.0.30517.126
MinimumVisualStudioVersion = 10.0.40219.1
Project("{FAE04EC0-301F-11D3-BF4B-00C04F79EFBC}") = "APIAlertToCare", "APIAlertToCare\APIAlertToCare.csproj", "{2BC7120C-5DCD-4112-9E4D-7750C560D2E7}"
EndProject
Project("{FAE04EC0-301F-11D3-BF4B-00C04F79EFBC}") = "API.Test", "API.Test\API.Test.csproj", "{5F6A794E-DF93-4B12-A8D7-A41927D97632}"
EndProject
Global
	GlobalSection(SolutionConfigurationPlatforms) = preSolution
		Debug|Any CPU = Debug|Any CPU
		Release|Any CPU = Release|Any CPU
	EndGlobalSection
	GlobalSection(ProjectConfigurationPlatforms) = postSolution
		{2BC7120C-5DCD-4112-9E4D-7750C560D2E7}.Debug|Any CPU.ActiveCfg = Debug|Any CPU
		{2BC7120C-5DCD-4112-9E4D-7750C560D2E7}.Debug|Any CPU.Build.0 = Debug|Any CPU
		{2BC7120C-5DCD-4112-9E4D-7750C560D2E7}.Release|Any CPU.ActiveCfg = Release|Any CPU
		{2BC7120C-5DCD-4112-9E4D-7750C560D2E7}.Release|Any CPU.Build.0 = Release|Any CPU
		{5F6A794E-DF93-4B12-A8D7-A41927D97632}.Debug|Any CPU.ActiveCfg = Debug|Any CPU
		{5F6A794E-DF93-4B12-A8D7-A41927D97632}.Debug|Any CPU.Build.0 = Debug|Any CPU
		{5F6A794E-DF93-4B12-A8D7-A41927D97632}.Release|Any CPU.ActiveCfg = Release|Any CPU
		{5F6A794E-DF93-4B12-A8D7-A41927D97632}.Release|Any CPU.Build.0 = Release|Any CPU
	EndGlobalSection
	GlobalSection(SolutionProperties) = preSolution
		HideSolutionNode = FALSE
	EndGlobalSection
	GlobalSection(ExtensibilityGlobals) = postSolution
		SolutionGuid = {23B46004-00E3-4137-AF40-562B2C30DBEC}
	EndGlobalSection
EndGlobal
